
Microsoft Visual Studio Solution File, Format Version 12.00
# Visual Studio Version 16
VisualStudioVersion = 16.0.30523.141
MinimumVisualStudioVersion = 10.0.40219.1
Project("{FAE04EC0-301F-11D3-BF4B-00C04F79EFBC}") = "KursachApp", "KursachApp\KursachApp.csproj", "{B297EEF9-8C64-4840-AD81-1A5F13C42456}"
EndProject
Project("{FAE04EC0-301F-11D3-BF4B-00C04F79EFBC}") = "KursachLib", "KursachLib\KursachLib.csproj", "{BA370864-7146-4353-A7B1-D7F1F587F127}"
EndProject
Global
	GlobalSection(SolutionConfigurationPlatforms) = preSolution
		Debug|Any CPU = Debug|Any CPU
		Release|Any CPU = Release|Any CPU
	EndGlobalSection
	GlobalSection(ProjectConfigurationPlatforms) = postSolution
		{B297EEF9-8C64-4840-AD81-1A5F13C42456}.Debug|Any CPU.ActiveCfg = Debug|Any CPU
		{B297EEF9-8C64-4840-AD81-1A5F13C42456}.Debug|Any CPU.Build.0 = Debug|Any CPU
		{B297EEF9-8C64-4840-AD81-1A5F13C42456}.Release|Any CPU.ActiveCfg = Release|Any CPU
		{B297EEF9-8C64-4840-AD81-1A5F13C42456}.Release|Any CPU.Build.0 = Release|Any CPU
		{BA370864-7146-4353-A7B1-D7F1F587F127}.Debug|Any CPU.ActiveCfg = Debug|Any CPU
		{BA370864-7146-4353-A7B1-D7F1F587F127}.Debug|Any CPU.Build.0 = Debug|Any CPU
		{BA370864-7146-4353-A7B1-D7F1F587F127}.Release|Any CPU.ActiveCfg = Release|Any CPU
		{BA370864-7146-4353-A7B1-D7F1F587F127}.Release|Any CPU.Build.0 = Release|Any CPU
	EndGlobalSection
	GlobalSection(SolutionProperties) = preSolution
		HideSolutionNode = FALSE
	EndGlobalSection
	GlobalSection(ExtensibilityGlobals) = postSolution
		SolutionGuid = {FAD3FDC6-736A-4953-813A-635DF25B9A84}
	EndGlobalSection
EndGlobal
